
Microsoft Visual Studio Solution File, Format Version 12.00
# Visual Studio Version 16
VisualStudioVersion = 16.0.31205.134
MinimumVisualStudioVersion = 10.0.40219.1
Project("{9A19103F-16F7-4668-BE54-9A1E7A4F7556}") = "FactoryMethod", "FactoryMethod\FactoryMethod.csproj", "{A619EADF-324E-4CDF-B290-5CA7E50A9ABA}"
EndProject
Project("{9A19103F-16F7-4668-BE54-9A1E7A4F7556}") = "AbstractFactory", "AbstractFactory\AbstractFactory.csproj", "{26FB75C8-562A-4ADD-9947-E2D0D8CEDFE4}"
EndProject
Project("{9A19103F-16F7-4668-BE54-9A1E7A4F7556}") = "Builder", "Builder\Builder.csproj", "{05E62AA0-1D5C-4B40-A021-9ADC10C385CE}"
EndProject
Project("{FAE04EC0-301F-11D3-BF4B-00C04F79EFBC}") = "Adapter", "Adapter\Adapter.csproj", "{F6087621-8128-42F1-988E-26D5D7887015}"
EndProject
Project("{FAE04EC0-301F-11D3-BF4B-00C04F79EFBC}") = "Bridge", "Bridge\Bridge.csproj", "{1CC37CAA-7E3F-45BE-AD5E-0BA4A7F65362}"
EndProject
Global
	GlobalSection(SolutionConfigurationPlatforms) = preSolution
		Debug|Any CPU = Debug|Any CPU
		Release|Any CPU = Release|Any CPU
	EndGlobalSection
	GlobalSection(ProjectConfigurationPlatforms) = postSolution
		{A619EADF-324E-4CDF-B290-5CA7E50A9ABA}.Debug|Any CPU.ActiveCfg = Debug|Any CPU
		{A619EADF-324E-4CDF-B290-5CA7E50A9ABA}.Debug|Any CPU.Build.0 = Debug|Any CPU
		{A619EADF-324E-4CDF-B290-5CA7E50A9ABA}.Release|Any CPU.ActiveCfg = Release|Any CPU
		{A619EADF-324E-4CDF-B290-5CA7E50A9ABA}.Release|Any CPU.Build.0 = Release|Any CPU
		{26FB75C8-562A-4ADD-9947-E2D0D8CEDFE4}.Debug|Any CPU.ActiveCfg = Debug|Any CPU
		{26FB75C8-562A-4ADD-9947-E2D0D8CEDFE4}.Debug|Any CPU.Build.0 = Debug|Any CPU
		{26FB75C8-562A-4ADD-9947-E2D0D8CEDFE4}.Release|Any CPU.ActiveCfg = Release|Any CPU
		{26FB75C8-562A-4ADD-9947-E2D0D8CEDFE4}.Release|Any CPU.Build.0 = Release|Any CPU
		{05E62AA0-1D5C-4B40-A021-9ADC10C385CE}.Debug|Any CPU.ActiveCfg = Debug|Any CPU
		{05E62AA0-1D5C-4B40-A021-9ADC10C385CE}.Debug|Any CPU.Build.0 = Debug|Any CPU
		{05E62AA0-1D5C-4B40-A021-9ADC10C385CE}.Release|Any CPU.ActiveCfg = Release|Any CPU
		{05E62AA0-1D5C-4B40-A021-9ADC10C385CE}.Release|Any CPU.Build.0 = Release|Any CPU
		{F6087621-8128-42F1-988E-26D5D7887015}.Debug|Any CPU.ActiveCfg = Debug|Any CPU
		{F6087621-8128-42F1-988E-26D5D7887015}.Debug|Any CPU.Build.0 = Debug|Any CPU
		{F6087621-8128-42F1-988E-26D5D7887015}.Release|Any CPU.ActiveCfg = Release|Any CPU
		{F6087621-8128-42F1-988E-26D5D7887015}.Release|Any CPU.Build.0 = Release|Any CPU
		{1CC37CAA-7E3F-45BE-AD5E-0BA4A7F65362}.Debug|Any CPU.ActiveCfg = Debug|Any CPU
		{1CC37CAA-7E3F-45BE-AD5E-0BA4A7F65362}.Debug|Any CPU.Build.0 = Debug|Any CPU
		{1CC37CAA-7E3F-45BE-AD5E-0BA4A7F65362}.Release|Any CPU.ActiveCfg = Release|Any CPU
		{1CC37CAA-7E3F-45BE-AD5E-0BA4A7F65362}.Release|Any CPU.Build.0 = Release|Any CPU
	EndGlobalSection
	GlobalSection(SolutionProperties) = preSolution
		HideSolutionNode = FALSE
	EndGlobalSection
	GlobalSection(ExtensibilityGlobals) = postSolution
		SolutionGuid = {F7435FD3-2812-4A69-AC54-A0CD2838CF0D}
	EndGlobalSection
EndGlobal
